
Microsoft Visual Studio Solution File, Format Version 12.00
# Visual Studio Version 17
VisualStudioVersion = 17.13.35825.156 d17.13
MinimumVisualStudioVersion = 10.0.40219.1
Project("{FAE04EC0-301F-11D3-BF4B-00C04F79EFBC}") = "qinshift.metods", "qinshift.metods\qinshift.metods.csproj", "{865CFA6A-D60B-4C2E-8E9D-D92F416E3240}"
EndProject
Global
	GlobalSection(SolutionConfigurationPlatforms) = preSolution
		Debug|Any CPU = Debug|Any CPU
		Release|Any CPU = Release|Any CPU
	EndGlobalSection
	GlobalSection(ProjectConfigurationPlatforms) = postSolution
		{865CFA6A-D60B-4C2E-8E9D-D92F416E3240}.Debug|Any CPU.ActiveCfg = Debug|Any CPU
		{865CFA6A-D60B-4C2E-8E9D-D92F416E3240}.Debug|Any CPU.Build.0 = Debug|Any CPU
		{865CFA6A-D60B-4C2E-8E9D-D92F416E3240}.Release|Any CPU.ActiveCfg = Release|Any CPU
		{865CFA6A-D60B-4C2E-8E9D-D92F416E3240}.Release|Any CPU.Build.0 = Release|Any CPU
	EndGlobalSection
	GlobalSection(SolutionProperties) = preSolution
		HideSolutionNode = FALSE
	EndGlobalSection
	GlobalSection(ExtensibilityGlobals) = postSolution
		SolutionGuid = {9859CF82-3F74-49E9-B1CC-BD095E71FFFA}
	EndGlobalSection
EndGlobal
