
Microsoft Visual Studio Solution File, Format Version 12.00
# Visual Studio Version 17
VisualStudioVersion = 17.13.35818.85 d17.13
MinimumVisualStudioVersion = 10.0.40219.1
Project("{FAE04EC0-301F-11D3-BF4B-00C04F79EFBC}") = "qinshift.class07", "qinshift.class07\qinshift.class07.csproj", "{1757B635-6BB4-4546-A7AF-56EA507ABE8F}"
EndProject
Project("{FAE04EC0-301F-11D3-BF4B-00C04F79EFBC}") = "qinshift.inheritance", "qinshift.inheritance\qinshift.inheritance.csproj", "{EA7F6621-463D-4BA5-A90C-7DAE08851144}"
EndProject
Project("{FAE04EC0-301F-11D3-BF4B-00C04F79EFBC}") = "qinshift.demoApp", "qinshift.demoApp\qinshift.demoApp.csproj", "{A8FEE11B-421C-4C1C-95F0-25ABB1E0A338}"
EndProject
Project("{FAE04EC0-301F-11D3-BF4B-00C04F79EFBC}") = "qinshift.library", "qinshift.library\qinshift.library.csproj", "{18A5D962-7138-49F5-B9E0-92534FB24EBE}"
EndProject
Project("{FAE04EC0-301F-11D3-BF4B-00C04F79EFBC}") = "exercise.class07", "exercise.class07\exercise.class07.csproj", "{8CE33DF9-8B64-4B9A-B060-79F9E86C731E}"
EndProject
Global
	GlobalSection(SolutionConfigurationPlatforms) = preSolution
		Debug|Any CPU = Debug|Any CPU
		Release|Any CPU = Release|Any CPU
	EndGlobalSection
	GlobalSection(ProjectConfigurationPlatforms) = postSolution
		{1757B635-6BB4-4546-A7AF-56EA507ABE8F}.Debug|Any CPU.ActiveCfg = Debug|Any CPU
		{1757B635-6BB4-4546-A7AF-56EA507ABE8F}.Debug|Any CPU.Build.0 = Debug|Any CPU
		{1757B635-6BB4-4546-A7AF-56EA507ABE8F}.Release|Any CPU.ActiveCfg = Release|Any CPU
		{1757B635-6BB4-4546-A7AF-56EA507ABE8F}.Release|Any CPU.Build.0 = Release|Any CPU
		{EA7F6621-463D-4BA5-A90C-7DAE08851144}.Debug|Any CPU.ActiveCfg = Debug|Any CPU
		{EA7F6621-463D-4BA5-A90C-7DAE08851144}.Debug|Any CPU.Build.0 = Debug|Any CPU
		{EA7F6621-463D-4BA5-A90C-7DAE08851144}.Release|Any CPU.ActiveCfg = Release|Any CPU
		{EA7F6621-463D-4BA5-A90C-7DAE08851144}.Release|Any CPU.Build.0 = Release|Any CPU
		{A8FEE11B-421C-4C1C-95F0-25ABB1E0A338}.Debug|Any CPU.ActiveCfg = Debug|Any CPU
		{A8FEE11B-421C-4C1C-95F0-25ABB1E0A338}.Debug|Any CPU.Build.0 = Debug|Any CPU
		{A8FEE11B-421C-4C1C-95F0-25ABB1E0A338}.Release|Any CPU.ActiveCfg = Release|Any CPU
		{A8FEE11B-421C-4C1C-95F0-25ABB1E0A338}.Release|Any CPU.Build.0 = Release|Any CPU
		{18A5D962-7138-49F5-B9E0-92534FB24EBE}.Debug|Any CPU.ActiveCfg = Debug|Any CPU
		{18A5D962-7138-49F5-B9E0-92534FB24EBE}.Debug|Any CPU.Build.0 = Debug|Any CPU
		{18A5D962-7138-49F5-B9E0-92534FB24EBE}.Release|Any CPU.ActiveCfg = Release|Any CPU
		{18A5D962-7138-49F5-B9E0-92534FB24EBE}.Release|Any CPU.Build.0 = Release|Any CPU
		{8CE33DF9-8B64-4B9A-B060-79F9E86C731E}.Debug|Any CPU.ActiveCfg = Debug|Any CPU
		{8CE33DF9-8B64-4B9A-B060-79F9E86C731E}.Debug|Any CPU.Build.0 = Debug|Any CPU
		{8CE33DF9-8B64-4B9A-B060-79F9E86C731E}.Release|Any CPU.ActiveCfg = Release|Any CPU
		{8CE33DF9-8B64-4B9A-B060-79F9E86C731E}.Release|Any CPU.Build.0 = Release|Any CPU
	EndGlobalSection
	GlobalSection(SolutionProperties) = preSolution
		HideSolutionNode = FALSE
	EndGlobalSection
	GlobalSection(ExtensibilityGlobals) = postSolution
		SolutionGuid = {8D166E54-3364-4140-B25F-9AD8BFE44A0E}
	EndGlobalSection
EndGlobal
