
Microsoft Visual Studio Solution File, Format Version 12.00
# Visual Studio Version 17
VisualStudioVersion = 17.13.35818.85 d17.13
MinimumVisualStudioVersion = 10.0.40219.1
Project("{FAE04EC0-301F-11D3-BF4B-00C04F79EFBC}") = "HMclass03", "HMclass03\HMclass03.csproj", "{074D66B6-7A2E-48FC-B134-31961F717658}"
EndProject
Global
	GlobalSection(SolutionConfigurationPlatforms) = preSolution
		Debug|Any CPU = Debug|Any CPU
		Release|Any CPU = Release|Any CPU
	EndGlobalSection
	GlobalSection(ProjectConfigurationPlatforms) = postSolution
		{074D66B6-7A2E-48FC-B134-31961F717658}.Debug|Any CPU.ActiveCfg = Debug|Any CPU
		{074D66B6-7A2E-48FC-B134-31961F717658}.Debug|Any CPU.Build.0 = Debug|Any CPU
		{074D66B6-7A2E-48FC-B134-31961F717658}.Release|Any CPU.ActiveCfg = Release|Any CPU
		{074D66B6-7A2E-48FC-B134-31961F717658}.Release|Any CPU.Build.0 = Release|Any CPU
	EndGlobalSection
	GlobalSection(SolutionProperties) = preSolution
		HideSolutionNode = FALSE
	EndGlobalSection
	GlobalSection(ExtensibilityGlobals) = postSolution
		SolutionGuid = {B70ACFA5-8E18-4D8F-85BC-806A6F3876FA}
	EndGlobalSection
EndGlobal
