
Microsoft Visual Studio Solution File, Format Version 12.00
# Visual Studio Version 17
VisualStudioVersion = 17.13.35818.85 d17.13
MinimumVisualStudioVersion = 10.0.40219.1
Project("{FAE04EC0-301F-11D3-BF4B-00C04F79EFBC}") = "qinshift.classAndobjects", "qinshift.class05\qinshift.classAndobjects.csproj", "{FF439874-B0C5-443E-9376-08EFF2A81C01}"
EndProject
Project("{FAE04EC0-301F-11D3-BF4B-00C04F79EFBC}") = "excercise1", "excercise1\excercise1.csproj", "{64839A20-E814-4CFE-A65F-448109BAAA26}"
EndProject
Project("{FAE04EC0-301F-11D3-BF4B-00C04F79EFBC}") = "exercise2", "exercise2\exercise2.csproj", "{EB363699-536E-4BF5-B947-AA42F4AFA871}"
EndProject
Global
	GlobalSection(SolutionConfigurationPlatforms) = preSolution
		Debug|Any CPU = Debug|Any CPU
		Release|Any CPU = Release|Any CPU
	EndGlobalSection
	GlobalSection(ProjectConfigurationPlatforms) = postSolution
		{FF439874-B0C5-443E-9376-08EFF2A81C01}.Debug|Any CPU.ActiveCfg = Debug|Any CPU
		{FF439874-B0C5-443E-9376-08EFF2A81C01}.Debug|Any CPU.Build.0 = Debug|Any CPU
		{FF439874-B0C5-443E-9376-08EFF2A81C01}.Release|Any CPU.ActiveCfg = Release|Any CPU
		{FF439874-B0C5-443E-9376-08EFF2A81C01}.Release|Any CPU.Build.0 = Release|Any CPU
		{64839A20-E814-4CFE-A65F-448109BAAA26}.Debug|Any CPU.ActiveCfg = Debug|Any CPU
		{64839A20-E814-4CFE-A65F-448109BAAA26}.Debug|Any CPU.Build.0 = Debug|Any CPU
		{64839A20-E814-4CFE-A65F-448109BAAA26}.Release|Any CPU.ActiveCfg = Release|Any CPU
		{64839A20-E814-4CFE-A65F-448109BAAA26}.Release|Any CPU.Build.0 = Release|Any CPU
		{EB363699-536E-4BF5-B947-AA42F4AFA871}.Debug|Any CPU.ActiveCfg = Debug|Any CPU
		{EB363699-536E-4BF5-B947-AA42F4AFA871}.Debug|Any CPU.Build.0 = Debug|Any CPU
		{EB363699-536E-4BF5-B947-AA42F4AFA871}.Release|Any CPU.ActiveCfg = Release|Any CPU
		{EB363699-536E-4BF5-B947-AA42F4AFA871}.Release|Any CPU.Build.0 = Release|Any CPU
	EndGlobalSection
	GlobalSection(SolutionProperties) = preSolution
		HideSolutionNode = FALSE
	EndGlobalSection
	GlobalSection(ExtensibilityGlobals) = postSolution
		SolutionGuid = {CE313967-BA2B-4664-BCEB-C5FAD9F99C6E}
	EndGlobalSection
EndGlobal
