
Microsoft Visual Studio Solution File, Format Version 12.00
# Visual Studio Version 17
VisualStudioVersion = 17.13.35913.81 d17.13
MinimumVisualStudioVersion = 10.0.40219.1
Project("{FAE04EC0-301F-11D3-BF4B-00C04F79EFBC}") = "qinshift.class09", "qinshift.class09\qinshift.class09.csproj", "{C182AF0E-A39B-4589-86E3-9B2827A9625F}"
EndProject
Global
	GlobalSection(SolutionConfigurationPlatforms) = preSolution
		Debug|Any CPU = Debug|Any CPU
		Release|Any CPU = Release|Any CPU
	EndGlobalSection
	GlobalSection(ProjectConfigurationPlatforms) = postSolution
		{C182AF0E-A39B-4589-86E3-9B2827A9625F}.Debug|Any CPU.ActiveCfg = Debug|Any CPU
		{C182AF0E-A39B-4589-86E3-9B2827A9625F}.Debug|Any CPU.Build.0 = Debug|Any CPU
		{C182AF0E-A39B-4589-86E3-9B2827A9625F}.Release|Any CPU.ActiveCfg = Release|Any CPU
		{C182AF0E-A39B-4589-86E3-9B2827A9625F}.Release|Any CPU.Build.0 = Release|Any CPU
	EndGlobalSection
	GlobalSection(SolutionProperties) = preSolution
		HideSolutionNode = FALSE
	EndGlobalSection
	GlobalSection(ExtensibilityGlobals) = postSolution
		SolutionGuid = {C6B488E5-1FD4-4DB0-BEC6-6F66E0DB8116}
	EndGlobalSection
EndGlobal
